// !$*UTF8*$!
{
	archiveVersion = 1;
	classes = {
	};
	objectVersion = 56;
	objects = {

/* Begin PBXBuildFile section */
		203BA02F29914AA800D66913 /* Realm in Frameworks */ = {isa = PBXBuildFile; productRef = 203BA02E29914AA800D66913 /* Realm */; };
		203BA03129914AA800D66913 /* RealmSwift in Frameworks */ = {isa = PBXBuildFile; productRef = 203BA03029914AA800D66913 /* RealmSwift */; };
		203BA03D299172D900D66913 /* ToDo.swift in Sources */ = {isa = PBXBuildFile; fileRef = 203BA03C299172D900D66913 /* ToDo.swift */; };
		203BA03F2991730700D66913 /* Category.swift in Sources */ = {isa = PBXBuildFile; fileRef = 203BA03E2991730700D66913 /* Category.swift */; };
		205E232529905A8400C2A30A /* CategoryVC.swift in Sources */ = {isa = PBXBuildFile; fileRef = 205E232429905A8400C2A30A /* CategoryVC.swift */; };
		20644C2A298C90E60047EB2F /* AppDelegate.swift in Sources */ = {isa = PBXBuildFile; fileRef = 20644C29298C90E60047EB2F /* AppDelegate.swift */; };
		20644C2C298C90E60047EB2F /* SceneDelegate.swift in Sources */ = {isa = PBXBuildFile; fileRef = 20644C2B298C90E60047EB2F /* SceneDelegate.swift */; };
		20644C2E298C90E60047EB2F /* ToDoListVC.swift in Sources */ = {isa = PBXBuildFile; fileRef = 20644C2D298C90E60047EB2F /* ToDoListVC.swift */; };
		20644C31298C90E60047EB2F /* Main.storyboard in Resources */ = {isa = PBXBuildFile; fileRef = 20644C2F298C90E60047EB2F /* Main.storyboard */; };
		20644C36298C90E70047EB2F /* Assets.xcassets in Resources */ = {isa = PBXBuildFile; fileRef = 20644C35298C90E70047EB2F /* Assets.xcassets */; };
		20644C39298C90E70047EB2F /* LaunchScreen.storyboard in Resources */ = {isa = PBXBuildFile; fileRef = 20644C37298C90E70047EB2F /* LaunchScreen.storyboard */; };
/* End PBXBuildFile section */

/* Begin PBXFileReference section */
		203BA03C299172D900D66913 /* ToDo.swift */ = {isa = PBXFileReference; lastKnownFileType = sourcecode.swift; path = ToDo.swift; sourceTree = "<group>"; };
		203BA03E2991730700D66913 /* Category.swift */ = {isa = PBXFileReference; lastKnownFileType = sourcecode.swift; path = Category.swift; sourceTree = "<group>"; };
		205E232429905A8400C2A30A /* CategoryVC.swift */ = {isa = PBXFileReference; lastKnownFileType = sourcecode.swift; path = CategoryVC.swift; sourceTree = "<group>"; };
		20644C26298C90E60047EB2F /* ToDoApp.app */ = {isa = PBXFileReference; explicitFileType = wrapper.application; includeInIndex = 0; path = ToDoApp.app; sourceTree = BUILT_PRODUCTS_DIR; };
		20644C29298C90E60047EB2F /* AppDelegate.swift */ = {isa = PBXFileReference; lastKnownFileType = sourcecode.swift; path = AppDelegate.swift; sourceTree = "<group>"; };
		20644C2B298C90E60047EB2F /* SceneDelegate.swift */ = {isa = PBXFileReference; lastKnownFileType = sourcecode.swift; path = SceneDelegate.swift; sourceTree = "<group>"; };
		20644C2D298C90E60047EB2F /* ToDoListVC.swift */ = {isa = PBXFileReference; lastKnownFileType = sourcecode.swift; path = ToDoListVC.swift; sourceTree = "<group>"; };
		20644C30298C90E60047EB2F /* Base */ = {isa = PBXFileReference; lastKnownFileType = file.storyboard; name = Base; path = Base.lproj/Main.storyboard; sourceTree = "<group>"; };
		20644C35298C90E70047EB2F /* Assets.xcassets */ = {isa = PBXFileReference; lastKnownFileType = folder.assetcatalog; path = Assets.xcassets; sourceTree = "<group>"; };
		20644C38298C90E70047EB2F /* Base */ = {isa = PBXFileReference; lastKnownFileType = file.storyboard; name = Base; path = Base.lproj/LaunchScreen.storyboard; sourceTree = "<group>"; };
		20644C3A298C90E70047EB2F /* Info.plist */ = {isa = PBXFileReference; lastKnownFileType = text.plist.xml; path = Info.plist; sourceTree = "<group>"; };
		20644C43298C92840047EB2F /* README.md */ = {isa = PBXFileReference; lastKnownFileType = net.daringfireball.markdown; path = README.md; sourceTree = "<group>"; };
/* End PBXFileReference section */

/* Begin PBXFrameworksBuildPhase section */
		20644C23298C90E60047EB2F /* Frameworks */ = {
			isa = PBXFrameworksBuildPhase;
			buildActionMask = 2147483647;
			files = (
				203BA03129914AA800D66913 /* RealmSwift in Frameworks */,
				203BA02F29914AA800D66913 /* Realm in Frameworks */,
			);
			runOnlyForDeploymentPostprocessing = 0;
		};
/* End PBXFrameworksBuildPhase section */

/* Begin PBXGroup section */
		20644C1D298C90E60047EB2F = {
			isa = PBXGroup;
			children = (
				20644C43298C92840047EB2F /* README.md */,
				20644C28298C90E60047EB2F /* ToDoApp */,
				20644C27298C90E60047EB2F /* Products */,
			);
			sourceTree = "<group>";
		};
		20644C27298C90E60047EB2F /* Products */ = {
			isa = PBXGroup;
			children = (
				20644C26298C90E60047EB2F /* ToDoApp.app */,
			);
			name = Products;
			sourceTree = "<group>";
		};
		20644C28298C90E60047EB2F /* ToDoApp */ = {
			isa = PBXGroup;
			children = (
				20644C29298C90E60047EB2F /* AppDelegate.swift */,
				20644C2B298C90E60047EB2F /* SceneDelegate.swift */,
				20644C42298C91160047EB2F /* Models */,
				20644C40298C90F30047EB2F /* Views */,
				20644C41298C910C0047EB2F /* Controllers */,
				20644C35298C90E70047EB2F /* Assets.xcassets */,
				20644C37298C90E70047EB2F /* LaunchScreen.storyboard */,
				20644C3A298C90E70047EB2F /* Info.plist */,
			);
			path = ToDoApp;
			sourceTree = "<group>";
		};
		20644C40298C90F30047EB2F /* Views */ = {
			isa = PBXGroup;
			children = (
				20644C2F298C90E60047EB2F /* Main.storyboard */,
			);
			path = Views;
			sourceTree = "<group>";
		};
		20644C41298C910C0047EB2F /* Controllers */ = {
			isa = PBXGroup;
			children = (
				205E232429905A8400C2A30A /* CategoryVC.swift */,
				20644C2D298C90E60047EB2F /* ToDoListVC.swift */,
			);
			path = Controllers;
			sourceTree = "<group>";
		};
		20644C42298C91160047EB2F /* Models */ = {
			isa = PBXGroup;
			children = (
				203BA03C299172D900D66913 /* ToDo.swift */,
				203BA03E2991730700D66913 /* Category.swift */,
			);
			path = Models;
			sourceTree = "<group>";
		};
/* End PBXGroup section */

/* Begin PBXNativeTarget section */
		20644C25298C90E60047EB2F /* ToDoApp */ = {
			isa = PBXNativeTarget;
			buildConfigurationList = 20644C3D298C90E70047EB2F /* Build configuration list for PBXNativeTarget "ToDoApp" */;
			buildPhases = (
				20644C22298C90E60047EB2F /* Sources */,
				20644C23298C90E60047EB2F /* Frameworks */,
				20644C24298C90E60047EB2F /* Resources */,
			);
			buildRules = (
			);
			dependencies = (
			);
			name = ToDoApp;
			packageProductDependencies = (
				203BA02E29914AA800D66913 /* Realm */,
				203BA03029914AA800D66913 /* RealmSwift */,
			);
			productName = ToDoApp;
			productReference = 20644C26298C90E60047EB2F /* ToDoApp.app */;
			productType = "com.apple.product-type.application";
		};
/* End PBXNativeTarget section */

/* Begin PBXProject section */
		20644C1E298C90E60047EB2F /* Project object */ = {
			isa = PBXProject;
			attributes = {
				BuildIndependentTargetsInParallel = 1;
				LastSwiftUpdateCheck = 1420;
				LastUpgradeCheck = 1420;
				TargetAttributes = {
					20644C25298C90E60047EB2F = {
						CreatedOnToolsVersion = 14.2;
					};
				};
			};
			buildConfigurationList = 20644C21298C90E60047EB2F /* Build configuration list for PBXProject "ToDoApp" */;
			compatibilityVersion = "Xcode 14.0";
			developmentRegion = en;
			hasScannedForEncodings = 0;
			knownRegions = (
				en,
				Base,
			);
			mainGroup = 20644C1D298C90E60047EB2F;
			packageReferences = (
				203BA02D29914AA800D66913 /* XCRemoteSwiftPackageReference "realm-swift" */,
			);
			productRefGroup = 20644C27298C90E60047EB2F /* Products */;
			projectDirPath = "";
			projectRoot = "";
			targets = (
				20644C25298C90E60047EB2F /* ToDoApp */,
			);
		};
/* End PBXProject section */

/* Begin PBXResourcesBuildPhase section */
		20644C24298C90E60047EB2F /* Resources */ = {
			isa = PBXResourcesBuildPhase;
			buildActionMask = 2147483647;
			files = (
				20644C39298C90E70047EB2F /* LaunchScreen.storyboard in Resources */,
				20644C36298C90E70047EB2F /* Assets.xcassets in Resources */,
				20644C31298C90E60047EB2F /* Main.storyboard in Resources */,
			);
			runOnlyForDeploymentPostprocessing = 0;
		};
/* End PBXResourcesBuildPhase section */

/* Begin PBXSourcesBuildPhase section */
		20644C22298C90E60047EB2F /* Sources */ = {
			isa = PBXSourcesBuildPhase;
			buildActionMask = 2147483647;
			files = (
				205E232529905A8400C2A30A /* CategoryVC.swift in Sources */,
				20644C2E298C90E60047EB2F /* ToDoListVC.swift in Sources */,
				20644C2A298C90E60047EB2F /* AppDelegate.swift in Sources */,
				203BA03D299172D900D66913 /* ToDo.swift in Sources */,
				20644C2C298C90E60047EB2F /* SceneDelegate.swift in Sources */,
				203BA03F2991730700D66913 /* Category.swift in Sources */,
			);
			runOnlyForDeploymentPostprocessing = 0;
		};
/* End PBXSourcesBuildPhase section */

/* Begin PBXVariantGroup section */
		20644C2F298C90E60047EB2F /* Main.storyboard */ = {
			isa = PBXVariantGroup;
			children = (
				20644C30298C90E60047EB2F /* Base */,
			);
			name = Main.storyboard;
			sourceTree = "<group>";
		};
		20644C37298C90E70047EB2F /* LaunchScreen.storyboard */ = {
			isa = PBXVariantGroup;
			children = (
				20644C38298C90E70047EB2F /* Base */,
			);
			name = LaunchScreen.storyboard;
			sourceTree = "<group>";
		};
/* End PBXVariantGroup section */

/* Begin XCBuildConfiguration section */
		20644C3B298C90E70047EB2F /* Debug */ = {
			isa = XCBuildConfiguration;
			buildSettings = {
				ALWAYS_SEARCH_USER_PATHS = NO;
				CLANG_ANALYZER_NONNULL = YES;
				CLANG_ANALYZER_NUMBER_OBJECT_CONVERSION = YES_AGGRESSIVE;
				CLANG_CXX_LANGUAGE_STANDARD = "gnu++20";
				CLANG_ENABLE_MODULES = YES;
				CLANG_ENABLE_OBJC_ARC = YES;
				CLANG_ENABLE_OBJC_WEAK = YES;
				CLANG_WARN_BLOCK_CAPTURE_AUTORELEASING = YES;
				CLANG_WARN_BOOL_CONVERSION = YES;
				CLANG_WARN_COMMA = YES;
				CLANG_WARN_CONSTANT_CONVERSION = YES;
				CLANG_WARN_DEPRECATED_OBJC_IMPLEMENTATIONS = YES;
				CLANG_WARN_DIRECT_OBJC_ISA_USAGE = YES_ERROR;
				CLANG_WARN_DOCUMENTATION_COMMENTS = YES;
				CLANG_WARN_EMPTY_BODY = YES;
				CLANG_WARN_ENUM_CONVERSION = YES;
				CLANG_WARN_INFINITE_RECURSION = YES;
				CLANG_WARN_INT_CONVERSION = YES;
				CLANG_WARN_NON_LITERAL_NULL_CONVERSION = YES;
				CLANG_WARN_OBJC_IMPLICIT_RETAIN_SELF = YES;
				CLANG_WARN_OBJC_LITERAL_CONVERSION = YES;
				CLANG_WARN_OBJC_ROOT_CLASS = YES_ERROR;
				CLANG_WARN_QUOTED_INCLUDE_IN_FRAMEWORK_HEADER = YES;
				CLANG_WARN_RANGE_LOOP_ANALYSIS = YES;
				CLANG_WARN_STRICT_PROTOTYPES = YES;
				CLANG_WARN_SUSPICIOUS_MOVE = YES;
				CLANG_WARN_UNGUARDED_AVAILABILITY = YES_AGGRESSIVE;
				CLANG_WARN_UNREACHABLE_CODE = YES;
				CLANG_WARN__DUPLICATE_METHOD_MATCH = YES;
				COPY_PHASE_STRIP = NO;
				DEBUG_INFORMATION_FORMAT = dwarf;
				ENABLE_STRICT_OBJC_MSGSEND = YES;
				ENABLE_TESTABILITY = YES;
				GCC_C_LANGUAGE_STANDARD = gnu11;
				GCC_DYNAMIC_NO_PIC = NO;
				GCC_NO_COMMON_BLOCKS = YES;
				GCC_OPTIMIZATION_LEVEL = 0;
				GCC_PREPROCESSOR_DEFINITIONS = (
					"DEBUG=1",
					"$(inherited)",
				);
				GCC_WARN_64_TO_32_BIT_CONVERSION = YES;
				GCC_WARN_ABOUT_RETURN_TYPE = YES_ERROR;
				GCC_WARN_UNDECLARED_SELECTOR = YES;
				GCC_WARN_UNINITIALIZED_AUTOS = YES_AGGRESSIVE;
				GCC_WARN_UNUSED_FUNCTION = YES;
				GCC_WARN_UNUSED_VARIABLE = YES;
				IPHONEOS_DEPLOYMENT_TARGET = 16.2;
				MTL_ENABLE_DEBUG_INFO = INCLUDE_SOURCE;
				MTL_FAST_MATH = YES;
				ONLY_ACTIVE_ARCH = YES;
				SDKROOT = iphoneos;
				SWIFT_ACTIVE_COMPILATION_CONDITIONS = DEBUG;
				SWIFT_OPTIMIZATION_LEVEL = "-Onone";
			};
			name = Debug;
		};
		20644C3C298C90E70047EB2F /* Release */ = {
			isa = XCBuildConfiguration;
			buildSettings = {
				ALWAYS_SEARCH_USER_PATHS = NO;
				CLANG_ANALYZER_NONNULL = YES;
				CLANG_ANALYZER_NUMBER_OBJECT_CONVERSION = YES_AGGRESSIVE;
				CLANG_CXX_LANGUAGE_STANDARD = "gnu++20";
				CLANG_ENABLE_MODULES = YES;
				CLANG_ENABLE_OBJC_ARC = YES;
				CLANG_ENABLE_OBJC_WEAK = YES;
				CLANG_WARN_BLOCK_CAPTURE_AUTORELEASING = YES;
				CLANG_WARN_BOOL_CONVERSION = YES;
				CLANG_WARN_COMMA = YES;
				CLANG_WARN_CONSTANT_CONVERSION = YES;
				CLANG_WARN_DEPRECATED_OBJC_IMPLEMENTATIONS = YES;
				CLANG_WARN_DIRECT_OBJC_ISA_USAGE = YES_ERROR;
				CLANG_WARN_DOCUMENTATION_COMMENTS = YES;
				CLANG_WARN_EMPTY_BODY = YES;
				CLANG_WARN_ENUM_CONVERSION = YES;
				CLANG_WARN_INFINITE_RECURSION = YES;
				CLANG_WARN_INT_CONVERSION = YES;
				CLANG_WARN_NON_LITERAL_NULL_CONVERSION = YES;
				CLANG_WARN_OBJC_IMPLICIT_RETAIN_SELF = YES;
				CLANG_WARN_OBJC_LITERAL_CONVERSION = YES;
				CLANG_WARN_OBJC_ROOT_CLASS = YES_ERROR;
				CLANG_WARN_QUOTED_INCLUDE_IN_FRAMEWORK_HEADER = YES;
				CLANG_WARN_RANGE_LOOP_ANALYSIS = YES;
				CLANG_WARN_STRICT_PROTOTYPES = YES;
				CLANG_WARN_SUSPICIOUS_MOVE = YES;
				CLANG_WARN_UNGUARDED_AVAILABILITY = YES_AGGRESSIVE;
				CLANG_WARN_UNREACHABLE_CODE = YES;
				CLANG_WARN__DUPLICATE_METHOD_MATCH = YES;
				COPY_PHASE_STRIP = NO;
				DEBUG_INFORMATION_FORMAT = "dwarf-with-dsym";
				ENABLE_NS_ASSERTIONS = NO;
				ENABLE_STRICT_OBJC_MSGSEND = YES;
				GCC_C_LANGUAGE_STANDARD = gnu11;
				GCC_NO_COMMON_BLOCKS = YES;
				GCC_WARN_64_TO_32_BIT_CONVERSION = YES;
				GCC_WARN_ABOUT_RETURN_TYPE = YES_ERROR;
				GCC_WARN_UNDECLARED_SELECTOR = YES;
				GCC_WARN_UNINITIALIZED_AUTOS = YES_AGGRESSIVE;
				GCC_WARN_UNUSED_FUNCTION = YES;
				GCC_WARN_UNUSED_VARIABLE = YES;
				IPHONEOS_DEPLOYMENT_TARGET = 16.2;
				MTL_ENABLE_DEBUG_INFO = NO;
				MTL_FAST_MATH = YES;
				SDKROOT = iphoneos;
				SWIFT_COMPILATION_MODE = wholemodule;
				SWIFT_OPTIMIZATION_LEVEL = "-O";
				VALIDATE_PRODUCT = YES;
			};
			name = Release;
		};
		20644C3E298C90E70047EB2F /* Debug */ = {
			isa = XCBuildConfiguration;
			buildSettings = {
				ASSETCATALOG_COMPILER_APPICON_NAME = AppIcon;
				ASSETCATALOG_COMPILER_GLOBAL_ACCENT_COLOR_NAME = AccentColor;
				CODE_SIGN_STYLE = Automatic;
				CURRENT_PROJECT_VERSION = 1;
				DEVELOPMENT_TEAM = DZDWNPN8YP;
				GENERATE_INFOPLIST_FILE = YES;
				INFOPLIST_FILE = ToDoApp/Info.plist;
				INFOPLIST_KEY_UIApplicationSupportsIndirectInputEvents = YES;
				INFOPLIST_KEY_UILaunchStoryboardName = LaunchScreen;
				INFOPLIST_KEY_UIMainStoryboardFile = Main;
				INFOPLIST_KEY_UISupportedInterfaceOrientations_iPad = "UIInterfaceOrientationPortrait UIInterfaceOrientationPortraitUpsideDown UIInterfaceOrientationLandscapeLeft UIInterfaceOrientationLandscapeRight";
				INFOPLIST_KEY_UISupportedInterfaceOrientations_iPhone = "UIInterfaceOrientationPortrait UIInterfaceOrientationLandscapeLeft UIInterfaceOrientationLandscapeRight";
				LD_RUNPATH_SEARCH_PATHS = (
					"$(inherited)",
					"@executable_path/Frameworks",
				);
				MARKETING_VERSION = 1.0;
				PRODUCT_BUNDLE_IDENTIFIER = com.eacardenase.ToDoApp;
				PRODUCT_NAME = "$(TARGET_NAME)";
				SWIFT_EMIT_LOC_STRINGS = YES;
				SWIFT_VERSION = 5.0;
				TARGETED_DEVICE_FAMILY = "1,2";
			};
			name = Debug;
		};
		20644C3F298C90E70047EB2F /* Release */ = {
			isa = XCBuildConfiguration;
			buildSettings = {
				ASSETCATALOG_COMPILER_APPICON_NAME = AppIcon;
				ASSETCATALOG_COMPILER_GLOBAL_ACCENT_COLOR_NAME = AccentColor;
				CODE_SIGN_STYLE = Automatic;
				CURRENT_PROJECT_VERSION = 1;
				DEVELOPMENT_TEAM = DZDWNPN8YP;
				GENERATE_INFOPLIST_FILE = YES;
				INFOPLIST_FILE = ToDoApp/Info.plist;
				INFOPLIST_KEY_UIApplicationSupportsIndirectInputEvents = YES;
				INFOPLIST_KEY_UILaunchStoryboardName = LaunchScreen;
				INFOPLIST_KEY_UIMainStoryboardFile = Main;
				INFOPLIST_KEY_UISupportedInterfaceOrientations_iPad = "UIInterfaceOrientationPortrait UIInterfaceOrientationPortraitUpsideDown UIInterfaceOrientationLandscapeLeft UIInterfaceOrientationLandscapeRight";
				INFOPLIST_KEY_UISupportedInterfaceOrientations_iPhone = "UIInterfaceOrientationPortrait UIInterfaceOrientationLandscapeLeft UIInterfaceOrientationLandscapeRight";
				LD_RUNPATH_SEARCH_PATHS = (
					"$(inherited)",
					"@executable_path/Frameworks",
				);
				MARKETING_VERSION = 1.0;
				PRODUCT_BUNDLE_IDENTIFIER = com.eacardenase.ToDoApp;
				PRODUCT_NAME = "$(TARGET_NAME)";
				SWIFT_EMIT_LOC_STRINGS = YES;
				SWIFT_VERSION = 5.0;
				TARGETED_DEVICE_FAMILY = "1,2";
			};
			name = Release;
		};
/* End XCBuildConfiguration section */

/* Begin XCConfigurationList section */
		20644C21298C90E60047EB2F /* Build configuration list for PBXProject "ToDoApp" */ = {
			isa = XCConfigurationList;
			buildConfigurations = (
				20644C3B298C90E70047EB2F /* Debug */,
				20644C3C298C90E70047EB2F /* Release */,
			);
			defaultConfigurationIsVisible = 0;
			defaultConfigurationName = Release;
		};
		20644C3D298C90E70047EB2F /* Build configuration list for PBXNativeTarget "ToDoApp" */ = {
			isa = XCConfigurationList;
			buildConfigurations = (
				20644C3E298C90E70047EB2F /* Debug */,
				20644C3F298C90E70047EB2F /* Release */,
			);
			defaultConfigurationIsVisible = 0;
			defaultConfigurationName = Release;
		};
/* End XCConfigurationList section */

/* Begin XCRemoteSwiftPackageReference section */
		203BA02D29914AA800D66913 /* XCRemoteSwiftPackageReference "realm-swift" */ = {
			isa = XCRemoteSwiftPackageReference;
			repositoryURL = "https://github.com/realm/realm-swift.git";
			requirement = {
				kind = upToNextMajorVersion;
				minimumVersion = 10.34.1;
			};
		};
/* End XCRemoteSwiftPackageReference section */

/* Begin XCSwiftPackageProductDependency section */
		203BA02E29914AA800D66913 /* Realm */ = {
			isa = XCSwiftPackageProductDependency;
			package = 203BA02D29914AA800D66913 /* XCRemoteSwiftPackageReference "realm-swift" */;
			productName = Realm;
		};
		203BA03029914AA800D66913 /* RealmSwift */ = {
			isa = XCSwiftPackageProductDependency;
			package = 203BA02D29914AA800D66913 /* XCRemoteSwiftPackageReference "realm-swift" */;
			productName = RealmSwift;
		};
/* End XCSwiftPackageProductDependency section */
	};
	rootObject = 20644C1E298C90E60047EB2F /* Project object */;
}
